
Microsoft Visual Studio Solution File, Format Version 12.00
# Visual Studio Version 16
VisualStudioVersion = 16.0.31911.196
MinimumVisualStudioVersion = 10.0.40219.1
Project("{FAE04EC0-301F-11D3-BF4B-00C04F79EFBC}") = "BizTalk.Adapter.WinScp.Admin", "Admin\BizTalk.Adapter.WinScp.Admin.csproj", "{B192CBFF-40FF-4F3D-8388-380E084C359C}"
EndProject
Project("{FAE04EC0-301F-11D3-BF4B-00C04F79EFBC}") = "BizTalk.Adapter.WinScp.Runtime", "Runtime\BizTalk.Adapter.WinScp.Runtime.csproj", "{5B52EC71-8795-45CB-A845-F99D56484F0F}"
EndProject
Global
	GlobalSection(SolutionConfigurationPlatforms) = preSolution
		Debug|Any CPU = Debug|Any CPU
		Release|Any CPU = Release|Any CPU
	EndGlobalSection
	GlobalSection(ProjectConfigurationPlatforms) = postSolution
		{B192CBFF-40FF-4F3D-8388-380E084C359C}.Debug|Any CPU.ActiveCfg = Debug|Any CPU
		{B192CBFF-40FF-4F3D-8388-380E084C359C}.Debug|Any CPU.Build.0 = Debug|Any CPU
		{B192CBFF-40FF-4F3D-8388-380E084C359C}.Release|Any CPU.ActiveCfg = Release|Any CPU
		{B192CBFF-40FF-4F3D-8388-380E084C359C}.Release|Any CPU.Build.0 = Release|Any CPU
		{5B52EC71-8795-45CB-A845-F99D56484F0F}.Debug|Any CPU.ActiveCfg = Debug|Any CPU
		{5B52EC71-8795-45CB-A845-F99D56484F0F}.Debug|Any CPU.Build.0 = Debug|Any CPU
		{5B52EC71-8795-45CB-A845-F99D56484F0F}.Release|Any CPU.ActiveCfg = Release|Any CPU
		{5B52EC71-8795-45CB-A845-F99D56484F0F}.Release|Any CPU.Build.0 = Release|Any CPU
	EndGlobalSection
	GlobalSection(SolutionProperties) = preSolution
		HideSolutionNode = FALSE
	EndGlobalSection
	GlobalSection(ExtensibilityGlobals) = postSolution
		SolutionGuid = {E6C976DE-AE5E-41E2-85D7-5707940C52A3}
	EndGlobalSection
EndGlobal
